// !$*UTF8*$!
{
	archiveVersion = 1;
	classes = {
	};
	objectVersion = 55;
	objects = {

/* Begin PBXBuildFile section */
		0ACD5897284A6E9200AA9DA0 /* SwiftfulShoppingApp.swift in Sources */ = {isa = PBXBuildFile; fileRef = 0ACD5896284A6E9200AA9DA0 /* SwiftfulShoppingApp.swift */; };
		0ACD5899284A6E9200AA9DA0 /* ContentView.swift in Sources */ = {isa = PBXBuildFile; fileRef = 0ACD5898284A6E9200AA9DA0 /* ContentView.swift */; };
		0ACD589B284A6E9300AA9DA0 /* Assets.xcassets in Resources */ = {isa = PBXBuildFile; fileRef = 0ACD589A284A6E9300AA9DA0 /* Assets.xcassets */; };
		0ACD589E284A6E9300AA9DA0 /* Preview Assets.xcassets in Resources */ = {isa = PBXBuildFile; fileRef = 0ACD589D284A6E9300AA9DA0 /* Preview Assets.xcassets */; };
		0ACD58A8284A6E9300AA9DA0 /* SwiftfulShoppingTests.swift in Sources */ = {isa = PBXBuildFile; fileRef = 0ACD58A7284A6E9300AA9DA0 /* SwiftfulShoppingTests.swift */; };
		0ACD58B2284A6E9300AA9DA0 /* SwiftfulShoppingUITests.swift in Sources */ = {isa = PBXBuildFile; fileRef = 0ACD58B1284A6E9300AA9DA0 /* SwiftfulShoppingUITests.swift */; };
		0ACD58B4284A6E9300AA9DA0 /* SwiftfulShoppingUITestsLaunchTests.swift in Sources */ = {isa = PBXBuildFile; fileRef = 0ACD58B3284A6E9300AA9DA0 /* SwiftfulShoppingUITestsLaunchTests.swift */; };
/* End PBXBuildFile section */

/* Begin PBXContainerItemProxy section */
		0ACD58A4284A6E9300AA9DA0 /* PBXContainerItemProxy */ = {
			isa = PBXContainerItemProxy;
			containerPortal = 0ACD588B284A6E9200AA9DA0 /* Project object */;
			proxyType = 1;
			remoteGlobalIDString = 0ACD5892284A6E9200AA9DA0;
			remoteInfo = SwiftfulShopping;
		};
		0ACD58AE284A6E9300AA9DA0 /* PBXContainerItemProxy */ = {
			isa = PBXContainerItemProxy;
			containerPortal = 0ACD588B284A6E9200AA9DA0 /* Project object */;
			proxyType = 1;
			remoteGlobalIDString = 0ACD5892284A6E9200AA9DA0;
			remoteInfo = SwiftfulShopping;
		};
/* End PBXContainerItemProxy section */

/* Begin PBXFileReference section */
		0ACD5893284A6E9200AA9DA0 /* SwiftfulShopping.app */ = {isa = PBXFileReference; explicitFileType = wrapper.application; includeInIndex = 0; path = SwiftfulShopping.app; sourceTree = BUILT_PRODUCTS_DIR; };
		0ACD5896284A6E9200AA9DA0 /* SwiftfulShoppingApp.swift */ = {isa = PBXFileReference; lastKnownFileType = sourcecode.swift; path = SwiftfulShoppingApp.swift; sourceTree = "<group>"; };
		0ACD5898284A6E9200AA9DA0 /* ContentView.swift */ = {isa = PBXFileReference; lastKnownFileType = sourcecode.swift; path = ContentView.swift; sourceTree = "<group>"; };
		0ACD589A284A6E9300AA9DA0 /* Assets.xcassets */ = {isa = PBXFileReference; lastKnownFileType = folder.assetcatalog; path = Assets.xcassets; sourceTree = "<group>"; };
		0ACD589D284A6E9300AA9DA0 /* Preview Assets.xcassets */ = {isa = PBXFileReference; lastKnownFileType = folder.assetcatalog; path = "Preview Assets.xcassets"; sourceTree = "<group>"; };
		0ACD58A3284A6E9300AA9DA0 /* SwiftfulShoppingTests.xctest */ = {isa = PBXFileReference; explicitFileType = wrapper.cfbundle; includeInIndex = 0; path = SwiftfulShoppingTests.xctest; sourceTree = BUILT_PRODUCTS_DIR; };
		0ACD58A7284A6E9300AA9DA0 /* SwiftfulShoppingTests.swift */ = {isa = PBXFileReference; lastKnownFileType = sourcecode.swift; path = SwiftfulShoppingTests.swift; sourceTree = "<group>"; };
		0ACD58AD284A6E9300AA9DA0 /* SwiftfulShoppingUITests.xctest */ = {isa = PBXFileReference; explicitFileType = wrapper.cfbundle; includeInIndex = 0; path = SwiftfulShoppingUITests.xctest; sourceTree = BUILT_PRODUCTS_DIR; };
		0ACD58B1284A6E9300AA9DA0 /* SwiftfulShoppingUITests.swift */ = {isa = PBXFileReference; lastKnownFileType = sourcecode.swift; path = SwiftfulShoppingUITests.swift; sourceTree = "<group>"; };
		0ACD58B3284A6E9300AA9DA0 /* SwiftfulShoppingUITestsLaunchTests.swift */ = {isa = PBXFileReference; lastKnownFileType = sourcecode.swift; path = SwiftfulShoppingUITestsLaunchTests.swift; sourceTree = "<group>"; };
/* End PBXFileReference section */

/* Begin PBXFrameworksBuildPhase section */
		0ACD5890284A6E9200AA9DA0 /* Frameworks */ = {
			isa = PBXFrameworksBuildPhase;
			buildActionMask = 2147483647;
			files = (
			);
			runOnlyForDeploymentPostprocessing = 0;
		};
		0ACD58A0284A6E9300AA9DA0 /* Frameworks */ = {
			isa = PBXFrameworksBuildPhase;
			buildActionMask = 2147483647;
			files = (
			);
			runOnlyForDeploymentPostprocessing = 0;
		};
		0ACD58AA284A6E9300AA9DA0 /* Frameworks */ = {
			isa = PBXFrameworksBuildPhase;
			buildActionMask = 2147483647;
			files = (
			);
			runOnlyForDeploymentPostprocessing = 0;
		};
/* End PBXFrameworksBuildPhase section */

/* Begin PBXGroup section */
		0ACD588A284A6E9200AA9DA0 = {
			isa = PBXGroup;
			children = (
				0ACD5895284A6E9200AA9DA0 /* SwiftfulShopping */,
				0ACD58A6284A6E9300AA9DA0 /* SwiftfulShoppingTests */,
				0ACD58B0284A6E9300AA9DA0 /* SwiftfulShoppingUITests */,
				0ACD5894284A6E9200AA9DA0 /* Products */,
			);
			sourceTree = "<group>";
		};
		0ACD5894284A6E9200AA9DA0 /* Products */ = {
			isa = PBXGroup;
			children = (
				0ACD5893284A6E9200AA9DA0 /* SwiftfulShopping.app */,
				0ACD58A3284A6E9300AA9DA0 /* SwiftfulShoppingTests.xctest */,
				0ACD58AD284A6E9300AA9DA0 /* SwiftfulShoppingUITests.xctest */,
			);
			name = Products;
			sourceTree = "<group>";
		};
		0ACD5895284A6E9200AA9DA0 /* SwiftfulShopping */ = {
			isa = PBXGroup;
			children = (
				0ACD5896284A6E9200AA9DA0 /* SwiftfulShoppingApp.swift */,
				0ACD5898284A6E9200AA9DA0 /* ContentView.swift */,
				0ACD589A284A6E9300AA9DA0 /* Assets.xcassets */,
				0ACD589C284A6E9300AA9DA0 /* Preview Content */,
			);
			path = SwiftfulShopping;
			sourceTree = "<group>";
		};
		0ACD589C284A6E9300AA9DA0 /* Preview Content */ = {
			isa = PBXGroup;
			children = (
				0ACD589D284A6E9300AA9DA0 /* Preview Assets.xcassets */,
			);
			path = "Preview Content";
			sourceTree = "<group>";
		};
		0ACD58A6284A6E9300AA9DA0 /* SwiftfulShoppingTests */ = {
			isa = PBXGroup;
			children = (
				0ACD58A7284A6E9300AA9DA0 /* SwiftfulShoppingTests.swift */,
			);
			path = SwiftfulShoppingTests;
			sourceTree = "<group>";
		};
		0ACD58B0284A6E9300AA9DA0 /* SwiftfulShoppingUITests */ = {
			isa = PBXGroup;
			children = (
				0ACD58B1284A6E9300AA9DA0 /* SwiftfulShoppingUITests.swift */,
				0ACD58B3284A6E9300AA9DA0 /* SwiftfulShoppingUITestsLaunchTests.swift */,
			);
			path = SwiftfulShoppingUITests;
			sourceTree = "<group>";
		};
/* End PBXGroup section */

/* Begin PBXNativeTarget section */
		0ACD5892284A6E9200AA9DA0 /* SwiftfulShopping */ = {
			isa = PBXNativeTarget;
			buildConfigurationList = 0ACD58B7284A6E9300AA9DA0 /* Build configuration list for PBXNativeTarget "SwiftfulShopping" */;
			buildPhases = (
				0ACD588F284A6E9200AA9DA0 /* Sources */,
				0ACD5890284A6E9200AA9DA0 /* Frameworks */,
				0ACD5891284A6E9200AA9DA0 /* Resources */,
			);
			buildRules = (
			);
			dependencies = (
			);
			name = SwiftfulShopping;
			productName = SwiftfulShopping;
			productReference = 0ACD5893284A6E9200AA9DA0 /* SwiftfulShopping.app */;
			productType = "com.apple.product-type.application";
		};
		0ACD58A2284A6E9300AA9DA0 /* SwiftfulShoppingTests */ = {
			isa = PBXNativeTarget;
			buildConfigurationList = 0ACD58BA284A6E9300AA9DA0 /* Build configuration list for PBXNativeTarget "SwiftfulShoppingTests" */;
			buildPhases = (
				0ACD589F284A6E9300AA9DA0 /* Sources */,
				0ACD58A0284A6E9300AA9DA0 /* Frameworks */,
				0ACD58A1284A6E9300AA9DA0 /* Resources */,
			);
			buildRules = (
			);
			dependencies = (
				0ACD58A5284A6E9300AA9DA0 /* PBXTargetDependency */,
			);
			name = SwiftfulShoppingTests;
			productName = SwiftfulShoppingTests;
			productReference = 0ACD58A3284A6E9300AA9DA0 /* SwiftfulShoppingTests.xctest */;
			productType = "com.apple.product-type.bundle.unit-test";
		};
		0ACD58AC284A6E9300AA9DA0 /* SwiftfulShoppingUITests */ = {
			isa = PBXNativeTarget;
			buildConfigurationList = 0ACD58BD284A6E9300AA9DA0 /* Build configuration list for PBXNativeTarget "SwiftfulShoppingUITests" */;
			buildPhases = (
				0ACD58A9284A6E9300AA9DA0 /* Sources */,
				0ACD58AA284A6E9300AA9DA0 /* Frameworks */,
				0ACD58AB284A6E9300AA9DA0 /* Resources */,
			);
			buildRules = (
			);
			dependencies = (
				0ACD58AF284A6E9300AA9DA0 /* PBXTargetDependency */,
			);
			name = SwiftfulShoppingUITests;
			productName = SwiftfulShoppingUITests;
			productReference = 0ACD58AD284A6E9300AA9DA0 /* SwiftfulShoppingUITests.xctest */;
			productType = "com.apple.product-type.bundle.ui-testing";
		};
/* End PBXNativeTarget section */

/* Begin PBXProject section */
		0ACD588B284A6E9200AA9DA0 /* Project object */ = {
			isa = PBXProject;
			attributes = {
				BuildIndependentTargetsInParallel = 1;
				LastSwiftUpdateCheck = 1340;
				LastUpgradeCheck = 1340;
				TargetAttributes = {
					0ACD5892284A6E9200AA9DA0 = {
						CreatedOnToolsVersion = 13.4;
					};
					0ACD58A2284A6E9300AA9DA0 = {
						CreatedOnToolsVersion = 13.4;
						TestTargetID = 0ACD5892284A6E9200AA9DA0;
					};
					0ACD58AC284A6E9300AA9DA0 = {
						CreatedOnToolsVersion = 13.4;
						TestTargetID = 0ACD5892284A6E9200AA9DA0;
					};
				};
			};
			buildConfigurationList = 0ACD588E284A6E9200AA9DA0 /* Build configuration list for PBXProject "SwiftfulShopping" */;
			compatibilityVersion = "Xcode 13.0";
			developmentRegion = en;
			hasScannedForEncodings = 0;
			knownRegions = (
				en,
				Base,
			);
			mainGroup = 0ACD588A284A6E9200AA9DA0;
			productRefGroup = 0ACD5894284A6E9200AA9DA0 /* Products */;
			projectDirPath = "";
			projectRoot = "";
			targets = (
				0ACD5892284A6E9200AA9DA0 /* SwiftfulShopping */,
				0ACD58A2284A6E9300AA9DA0 /* SwiftfulShoppingTests */,
				0ACD58AC284A6E9300AA9DA0 /* SwiftfulShoppingUITests */,
			);
		};
/* End PBXProject section */

/* Begin PBXResourcesBuildPhase section */
		0ACD5891284A6E9200AA9DA0 /* Resources */ = {
			isa = PBXResourcesBuildPhase;
			buildActionMask = 2147483647;
			files = (
				0ACD589E284A6E9300AA9DA0 /* Preview Assets.xcassets in Resources */,
				0ACD589B284A6E9300AA9DA0 /* Assets.xcassets in Resources */,
			);
			runOnlyForDeploymentPostprocessing = 0;
		};
		0ACD58A1284A6E9300AA9DA0 /* Resources */ = {
			isa = PBXResourcesBuildPhase;
			buildActionMask = 2147483647;
			files = (
			);
			runOnlyForDeploymentPostprocessing = 0;
		};
		0ACD58AB284A6E9300AA9DA0 /* Resources */ = {
			isa = PBXResourcesBuildPhase;
			buildActionMask = 2147483647;
			files = (
			);
			runOnlyForDeploymentPostprocessing = 0;
		};
/* End PBXResourcesBuildPhase section */

/* Begin PBXSourcesBuildPhase section */
		0ACD588F284A6E9200AA9DA0 /* Sources */ = {
			isa = PBXSourcesBuildPhase;
			buildActionMask = 2147483647;
			files = (
				0ACD5899284A6E9200AA9DA0 /* ContentView.swift in Sources */,
				0ACD5897284A6E9200AA9DA0 /* SwiftfulShoppingApp.swift in Sources */,
			);
			runOnlyForDeploymentPostprocessing = 0;
		};
		0ACD589F284A6E9300AA9DA0 /* Sources */ = {
			isa = PBXSourcesBuildPhase;
			buildActionMask = 2147483647;
			files = (
				0ACD58A8284A6E9300AA9DA0 /* SwiftfulShoppingTests.swift in Sources */,
			);
			runOnlyForDeploymentPostprocessing = 0;
		};
		0ACD58A9284A6E9300AA9DA0 /* Sources */ = {
			isa = PBXSourcesBuildPhase;
			buildActionMask = 2147483647;
			files = (
				0ACD58B4284A6E9300AA9DA0 /* SwiftfulShoppingUITestsLaunchTests.swift in Sources */,
				0ACD58B2284A6E9300AA9DA0 /* SwiftfulShoppingUITests.swift in Sources */,
			);
			runOnlyForDeploymentPostprocessing = 0;
		};
/* End PBXSourcesBuildPhase section */

/* Begin PBXTargetDependency section */
		0ACD58A5284A6E9300AA9DA0 /* PBXTargetDependency */ = {
			isa = PBXTargetDependency;
			target = 0ACD5892284A6E9200AA9DA0 /* SwiftfulShopping */;
			targetProxy = 0ACD58A4284A6E9300AA9DA0 /* PBXContainerItemProxy */;
		};
		0ACD58AF284A6E9300AA9DA0 /* PBXTargetDependency */ = {
			isa = PBXTargetDependency;
			target = 0ACD5892284A6E9200AA9DA0 /* SwiftfulShopping */;
			targetProxy = 0ACD58AE284A6E9300AA9DA0 /* PBXContainerItemProxy */;
		};
/* End PBXTargetDependency section */

/* Begin XCBuildConfiguration section */
		0ACD58B5284A6E9300AA9DA0 /* Debug */ = {
			isa = XCBuildConfiguration;
			buildSettings = {
				ALWAYS_SEARCH_USER_PATHS = NO;
				CLANG_ANALYZER_NONNULL = YES;
				CLANG_ANALYZER_NUMBER_OBJECT_CONVERSION = YES_AGGRESSIVE;
				CLANG_CXX_LANGUAGE_STANDARD = "gnu++17";
				CLANG_ENABLE_MODULES = YES;
				CLANG_ENABLE_OBJC_ARC = YES;
				CLANG_ENABLE_OBJC_WEAK = YES;
				CLANG_WARN_BLOCK_CAPTURE_AUTORELEASING = YES;
				CLANG_WARN_BOOL_CONVERSION = YES;
				CLANG_WARN_COMMA = YES;
				CLANG_WARN_CONSTANT_CONVERSION = YES;
				CLANG_WARN_DEPRECATED_OBJC_IMPLEMENTATIONS = YES;
				CLANG_WARN_DIRECT_OBJC_ISA_USAGE = YES_ERROR;
				CLANG_WARN_DOCUMENTATION_COMMENTS = YES;
				CLANG_WARN_EMPTY_BODY = YES;
				CLANG_WARN_ENUM_CONVERSION = YES;
				CLANG_WARN_INFINITE_RECURSION = YES;
				CLANG_WARN_INT_CONVERSION = YES;
				CLANG_WARN_NON_LITERAL_NULL_CONVERSION = YES;
				CLANG_WARN_OBJC_IMPLICIT_RETAIN_SELF = YES;
				CLANG_WARN_OBJC_LITERAL_CONVERSION = YES;
				CLANG_WARN_OBJC_ROOT_CLASS = YES_ERROR;
				CLANG_WARN_QUOTED_INCLUDE_IN_FRAMEWORK_HEADER = YES;
				CLANG_WARN_RANGE_LOOP_ANALYSIS = YES;
				CLANG_WARN_STRICT_PROTOTYPES = YES;
				CLANG_WARN_SUSPICIOUS_MOVE = YES;
				CLANG_WARN_UNGUARDED_AVAILABILITY = YES_AGGRESSIVE;
				CLANG_WARN_UNREACHABLE_CODE = YES;
				CLANG_WARN__DUPLICATE_METHOD_MATCH = YES;
				COPY_PHASE_STRIP = NO;
				DEBUG_INFORMATION_FORMAT = dwarf;
				ENABLE_STRICT_OBJC_MSGSEND = YES;
				ENABLE_TESTABILITY = YES;
				GCC_C_LANGUAGE_STANDARD = gnu11;
				GCC_DYNAMIC_NO_PIC = NO;
				GCC_NO_COMMON_BLOCKS = YES;
				GCC_OPTIMIZATION_LEVEL = 0;
				GCC_PREPROCESSOR_DEFINITIONS = (
					"DEBUG=1",
					"$(inherited)",
				);
				GCC_WARN_64_TO_32_BIT_CONVERSION = YES;
				GCC_WARN_ABOUT_RETURN_TYPE = YES_ERROR;
				GCC_WARN_UNDECLARED_SELECTOR = YES;
				GCC_WARN_UNINITIALIZED_AUTOS = YES_AGGRESSIVE;
				GCC_WARN_UNUSED_FUNCTION = YES;
				GCC_WARN_UNUSED_VARIABLE = YES;
				IPHONEOS_DEPLOYMENT_TARGET = 15.5;
				MTL_ENABLE_DEBUG_INFO = INCLUDE_SOURCE;
				MTL_FAST_MATH = YES;
				ONLY_ACTIVE_ARCH = YES;
				SDKROOT = iphoneos;
				SWIFT_ACTIVE_COMPILATION_CONDITIONS = DEBUG;
				SWIFT_OPTIMIZATION_LEVEL = "-Onone";
			};
			name = Debug;
		};
		0ACD58B6284A6E9300AA9DA0 /* Release */ = {
			isa = XCBuildConfiguration;
			buildSettings = {
				ALWAYS_SEARCH_USER_PATHS = NO;
				CLANG_ANALYZER_NONNULL = YES;
				CLANG_ANALYZER_NUMBER_OBJECT_CONVERSION = YES_AGGRESSIVE;
				CLANG_CXX_LANGUAGE_STANDARD = "gnu++17";
				CLANG_ENABLE_MODULES = YES;
				CLANG_ENABLE_OBJC_ARC = YES;
				CLANG_ENABLE_OBJC_WEAK = YES;
				CLANG_WARN_BLOCK_CAPTURE_AUTORELEASING = YES;
				CLANG_WARN_BOOL_CONVERSION = YES;
				CLANG_WARN_COMMA = YES;
				CLANG_WARN_CONSTANT_CONVERSION = YES;
				CLANG_WARN_DEPRECATED_OBJC_IMPLEMENTATIONS = YES;
				CLANG_WARN_DIRECT_OBJC_ISA_USAGE = YES_ERROR;
				CLANG_WARN_DOCUMENTATION_COMMENTS = YES;
				CLANG_WARN_EMPTY_BODY = YES;
				CLANG_WARN_ENUM_CONVERSION = YES;
				CLANG_WARN_INFINITE_RECURSION = YES;
				CLANG_WARN_INT_CONVERSION = YES;
				CLANG_WARN_NON_LITERAL_NULL_CONVERSION = YES;
				CLANG_WARN_OBJC_IMPLICIT_RETAIN_SELF = YES;
				CLANG_WARN_OBJC_LITERAL_CONVERSION = YES;
				CLANG_WARN_OBJC_ROOT_CLASS = YES_ERROR;
				CLANG_WARN_QUOTED_INCLUDE_IN_FRAMEWORK_HEADER = YES;
				CLANG_WARN_RANGE_LOOP_ANALYSIS = YES;
				CLANG_WARN_STRICT_PROTOTYPES = YES;
				CLANG_WARN_SUSPICIOUS_MOVE = YES;
				CLANG_WARN_UNGUARDED_AVAILABILITY = YES_AGGRESSIVE;
				CLANG_WARN_UNREACHABLE_CODE = YES;
				CLANG_WARN__DUPLICATE_METHOD_MATCH = YES;
				COPY_PHASE_STRIP = NO;
				DEBUG_INFORMATION_FORMAT = "dwarf-with-dsym";
				ENABLE_NS_ASSERTIONS = NO;
				ENABLE_STRICT_OBJC_MSGSEND = YES;
				GCC_C_LANGUAGE_STANDARD = gnu11;
				GCC_NO_COMMON_BLOCKS = YES;
				GCC_WARN_64_TO_32_BIT_CONVERSION = YES;
				GCC_WARN_ABOUT_RETURN_TYPE = YES_ERROR;
				GCC_WARN_UNDECLARED_SELECTOR = YES;
				GCC_WARN_UNINITIALIZED_AUTOS = YES_AGGRESSIVE;
				GCC_WARN_UNUSED_FUNCTION = YES;
				GCC_WARN_UNUSED_VARIABLE = YES;
				IPHONEOS_DEPLOYMENT_TARGET = 15.5;
				MTL_ENABLE_DEBUG_INFO = NO;
				MTL_FAST_MATH = YES;
				SDKROOT = iphoneos;
				SWIFT_COMPILATION_MODE = wholemodule;
				SWIFT_OPTIMIZATION_LEVEL = "-O";
				VALIDATE_PRODUCT = YES;
			};
			name = Release;
		};
		0ACD58B8284A6E9300AA9DA0 /* Debug */ = {
			isa = XCBuildConfiguration;
			buildSettings = {
				ASSETCATALOG_COMPILER_APPICON_NAME = AppIcon;
				ASSETCATALOG_COMPILER_GLOBAL_ACCENT_COLOR_NAME = AccentColor;
				CODE_SIGN_STYLE = Automatic;
				CURRENT_PROJECT_VERSION = 1;
				DEVELOPMENT_ASSET_PATHS = "\"SwiftfulShopping/Preview Content\"";
				DEVELOPMENT_TEAM = T3SR62DCTW;
				ENABLE_PREVIEWS = YES;
				GENERATE_INFOPLIST_FILE = YES;
				INFOPLIST_KEY_UIApplicationSceneManifest_Generation = YES;
				INFOPLIST_KEY_UIApplicationSupportsIndirectInputEvents = YES;
				INFOPLIST_KEY_UILaunchScreen_Generation = YES;
				INFOPLIST_KEY_UISupportedInterfaceOrientations_iPad = "UIInterfaceOrientationPortrait UIInterfaceOrientationPortraitUpsideDown UIInterfaceOrientationLandscapeLeft UIInterfaceOrientationLandscapeRight";
				INFOPLIST_KEY_UISupportedInterfaceOrientations_iPhone = "UIInterfaceOrientationPortrait UIInterfaceOrientationLandscapeLeft UIInterfaceOrientationLandscapeRight";
				LD_RUNPATH_SEARCH_PATHS = (
					"$(inherited)",
					"@executable_path/Frameworks",
				);
				MARKETING_VERSION = 1.0;
				PRODUCT_BUNDLE_IDENTIFIER = ljaniszewski.SwiftfulShopping;
				PRODUCT_NAME = "$(TARGET_NAME)";
				SWIFT_EMIT_LOC_STRINGS = YES;
				SWIFT_VERSION = 5.0;
				TARGETED_DEVICE_FAMILY = "1,2";
			};
			name = Debug;
		};
		0ACD58B9284A6E9300AA9DA0 /* Release */ = {
			isa = XCBuildConfiguration;
			buildSettings = {
				ASSETCATALOG_COMPILER_APPICON_NAME = AppIcon;
				ASSETCATALOG_COMPILER_GLOBAL_ACCENT_COLOR_NAME = AccentColor;
				CODE_SIGN_STYLE = Automatic;
				CURRENT_PROJECT_VERSION = 1;
				DEVELOPMENT_ASSET_PATHS = "\"SwiftfulShopping/Preview Content\"";
				DEVELOPMENT_TEAM = T3SR62DCTW;
				ENABLE_PREVIEWS = YES;
				GENERATE_INFOPLIST_FILE = YES;
				INFOPLIST_KEY_UIApplicationSceneManifest_Generation = YES;
				INFOPLIST_KEY_UIApplicationSupportsIndirectInputEvents = YES;
				INFOPLIST_KEY_UILaunchScreen_Generation = YES;
				INFOPLIST_KEY_UISupportedInterfaceOrientations_iPad = "UIInterfaceOrientationPortrait UIInterfaceOrientationPortraitUpsideDown UIInterfaceOrientationLandscapeLeft UIInterfaceOrientationLandscapeRight";
				INFOPLIST_KEY_UISupportedInterfaceOrientations_iPhone = "UIInterfaceOrientationPortrait UIInterfaceOrientationLandscapeLeft UIInterfaceOrientationLandscapeRight";
				LD_RUNPATH_SEARCH_PATHS = (
					"$(inherited)",
					"@executable_path/Frameworks",
				);
				MARKETING_VERSION = 1.0;
				PRODUCT_BUNDLE_IDENTIFIER = ljaniszewski.SwiftfulShopping;
				PRODUCT_NAME = "$(TARGET_NAME)";
				SWIFT_EMIT_LOC_STRINGS = YES;
				SWIFT_VERSION = 5.0;
				TARGETED_DEVICE_FAMILY = "1,2";
			};
			name = Release;
		};
		0ACD58BB284A6E9300AA9DA0 /* Debug */ = {
			isa = XCBuildConfiguration;
			buildSettings = {
				ALWAYS_EMBED_SWIFT_STANDARD_LIBRARIES = YES;
				BUNDLE_LOADER = "$(TEST_HOST)";
				CODE_SIGN_STYLE = Automatic;
				CURRENT_PROJECT_VERSION = 1;
				DEVELOPMENT_TEAM = T3SR62DCTW;
				GENERATE_INFOPLIST_FILE = YES;
				IPHONEOS_DEPLOYMENT_TARGET = 15.5;
				MARKETING_VERSION = 1.0;
				PRODUCT_BUNDLE_IDENTIFIER = ljaniszewski.SwiftfulShoppingTests;
				PRODUCT_NAME = "$(TARGET_NAME)";
				SWIFT_EMIT_LOC_STRINGS = NO;
				SWIFT_VERSION = 5.0;
				TARGETED_DEVICE_FAMILY = "1,2";
				TEST_HOST = "$(BUILT_PRODUCTS_DIR)/SwiftfulShopping.app/SwiftfulShopping";
			};
			name = Debug;
		};
		0ACD58BC284A6E9300AA9DA0 /* Release */ = {
			isa = XCBuildConfiguration;
			buildSettings = {
				ALWAYS_EMBED_SWIFT_STANDARD_LIBRARIES = YES;
				BUNDLE_LOADER = "$(TEST_HOST)";
				CODE_SIGN_STYLE = Automatic;
				CURRENT_PROJECT_VERSION = 1;
				DEVELOPMENT_TEAM = T3SR62DCTW;
				GENERATE_INFOPLIST_FILE = YES;
				IPHONEOS_DEPLOYMENT_TARGET = 15.5;
				MARKETING_VERSION = 1.0;
				PRODUCT_BUNDLE_IDENTIFIER = ljaniszewski.SwiftfulShoppingTests;
				PRODUCT_NAME = "$(TARGET_NAME)";
				SWIFT_EMIT_LOC_STRINGS = NO;
				SWIFT_VERSION = 5.0;
				TARGETED_DEVICE_FAMILY = "1,2";
				TEST_HOST = "$(BUILT_PRODUCTS_DIR)/SwiftfulShopping.app/SwiftfulShopping";
			};
			name = Release;
		};
		0ACD58BE284A6E9300AA9DA0 /* Debug */ = {
			isa = XCBuildConfiguration;
			buildSettings = {
				ALWAYS_EMBED_SWIFT_STANDARD_LIBRARIES = YES;
				CODE_SIGN_STYLE = Automatic;
				CURRENT_PROJECT_VERSION = 1;
				DEVELOPMENT_TEAM = T3SR62DCTW;
				GENERATE_INFOPLIST_FILE = YES;
				MARKETING_VERSION = 1.0;
				PRODUCT_BUNDLE_IDENTIFIER = ljaniszewski.SwiftfulShoppingUITests;
				PRODUCT_NAME = "$(TARGET_NAME)";
				SWIFT_EMIT_LOC_STRINGS = NO;
				SWIFT_VERSION = 5.0;
				TARGETED_DEVICE_FAMILY = "1,2";
				TEST_TARGET_NAME = SwiftfulShopping;
			};
			name = Debug;
		};
		0ACD58BF284A6E9300AA9DA0 /* Release */ = {
			isa = XCBuildConfiguration;
			buildSettings = {
				ALWAYS_EMBED_SWIFT_STANDARD_LIBRARIES = YES;
				CODE_SIGN_STYLE = Automatic;
				CURRENT_PROJECT_VERSION = 1;
				DEVELOPMENT_TEAM = T3SR62DCTW;
				GENERATE_INFOPLIST_FILE = YES;
				MARKETING_VERSION = 1.0;
				PRODUCT_BUNDLE_IDENTIFIER = ljaniszewski.SwiftfulShoppingUITests;
				PRODUCT_NAME = "$(TARGET_NAME)";
				SWIFT_EMIT_LOC_STRINGS = NO;
				SWIFT_VERSION = 5.0;
				TARGETED_DEVICE_FAMILY = "1,2";
				TEST_TARGET_NAME = SwiftfulShopping;
			};
			name = Release;
		};
/* End XCBuildConfiguration section */

/* Begin XCConfigurationList section */
		0ACD588E284A6E9200AA9DA0 /* Build configuration list for PBXProject "SwiftfulShopping" */ = {
			isa = XCConfigurationList;
			buildConfigurations = (
				0ACD58B5284A6E9300AA9DA0 /* Debug */,
				0ACD58B6284A6E9300AA9DA0 /* Release */,
			);
			defaultConfigurationIsVisible = 0;
			defaultConfigurationName = Release;
		};
		0ACD58B7284A6E9300AA9DA0 /* Build configuration list for PBXNativeTarget "SwiftfulShopping" */ = {
			isa = XCConfigurationList;
			buildConfigurations = (
				0ACD58B8284A6E9300AA9DA0 /* Debug */,
				0ACD58B9284A6E9300AA9DA0 /* Release */,
			);
			defaultConfigurationIsVisible = 0;
			defaultConfigurationName = Release;
		};
		0ACD58BA284A6E9300AA9DA0 /* Build configuration list for PBXNativeTarget "SwiftfulShoppingTests" */ = {
			isa = XCConfigurationList;
			buildConfigurations = (
				0ACD58BB284A6E9300AA9DA0 /* Debug */,
				0ACD58BC284A6E9300AA9DA0 /* Release */,
			);
			defaultConfigurationIsVisible = 0;
			defaultConfigurationName = Release;
		};
		0ACD58BD284A6E9300AA9DA0 /* Build configuration list for PBXNativeTarget "SwiftfulShoppingUITests" */ = {
			isa = XCConfigurationList;
			buildConfigurations = (
				0ACD58BE284A6E9300AA9DA0 /* Debug */,
				0ACD58BF284A6E9300AA9DA0 /* Release */,
			);
			defaultConfigurationIsVisible = 0;
			defaultConfigurationName = Release;
		};
/* End XCConfigurationList section */
	};
	rootObject = 0ACD588B284A6E9200AA9DA0 /* Project object */;
}
